
Microsoft Visual Studio Solution File, Format Version 12.00
# Visual Studio 14
VisualStudioVersion = 14.0.25123.0
MinimumVisualStudioVersion = 10.0.40219.1
Project("{FAE04EC0-301F-11D3-BF4B-00C04F79EFBC}") = "demojsonparser", "demojsonparser\demojsonparser.csproj", "{1F5E5C98-A49A-4927-87B0-4931B77C7DAD}"
EndProject
Project("{FAE04EC0-301F-11D3-BF4B-00C04F79EFBC}") = "demojsonparser-console", "demojsonparser-console\demojsonparser-console.csproj", "{FD8FDF2C-E75B-49A6-85B9-08F8986291AA}"
EndProject
Project("{FAE04EC0-301F-11D3-BF4B-00C04F79EFBC}") = "DemoInfoModded", "..\..\demoinfo-modded\DemoInfoModded\DemoInfoModded\DemoInfoModded.csproj", "{CC02519D-C604-41DA-990A-11A8477C35A4}"
EndProject
Global
	GlobalSection(SolutionConfigurationPlatforms) = preSolution
		Debug|Any CPU = Debug|Any CPU
		Release|Any CPU = Release|Any CPU
	EndGlobalSection
	GlobalSection(ProjectConfigurationPlatforms) = postSolution
		{1F5E5C98-A49A-4927-87B0-4931B77C7DAD}.Debug|Any CPU.ActiveCfg = Debug|Any CPU
		{1F5E5C98-A49A-4927-87B0-4931B77C7DAD}.Debug|Any CPU.Build.0 = Debug|Any CPU
		{1F5E5C98-A49A-4927-87B0-4931B77C7DAD}.Release|Any CPU.ActiveCfg = Release|Any CPU
		{1F5E5C98-A49A-4927-87B0-4931B77C7DAD}.Release|Any CPU.Build.0 = Release|Any CPU
		{FD8FDF2C-E75B-49A6-85B9-08F8986291AA}.Debug|Any CPU.ActiveCfg = Debug|Any CPU
		{FD8FDF2C-E75B-49A6-85B9-08F8986291AA}.Debug|Any CPU.Build.0 = Debug|Any CPU
		{FD8FDF2C-E75B-49A6-85B9-08F8986291AA}.Release|Any CPU.ActiveCfg = Release|Any CPU
		{FD8FDF2C-E75B-49A6-85B9-08F8986291AA}.Release|Any CPU.Build.0 = Release|Any CPU
		{CC02519D-C604-41DA-990A-11A8477C35A4}.Debug|Any CPU.ActiveCfg = Debug|Any CPU
		{CC02519D-C604-41DA-990A-11A8477C35A4}.Debug|Any CPU.Build.0 = Debug|Any CPU
		{CC02519D-C604-41DA-990A-11A8477C35A4}.Release|Any CPU.ActiveCfg = Release|Any CPU
		{CC02519D-C604-41DA-990A-11A8477C35A4}.Release|Any CPU.Build.0 = Release|Any CPU
	EndGlobalSection
	GlobalSection(SolutionProperties) = preSolution
		HideSolutionNode = FALSE
	EndGlobalSection
EndGlobal
